
Microsoft Visual Studio Solution File, Format Version 12.00
# Visual Studio Version 17
VisualStudioVersion = 17.7.34031.279
MinimumVisualStudioVersion = 10.0.40219.1
Project("{FAE04EC0-301F-11D3-BF4B-00C04F79EFBC}") = "YOUTUBE_LIST_DOWNLOADER", "YOUTUBE_LIST_DOWNLOADER\YOUTUBE_LIST_DOWNLOADER.csproj", "{204704F2-7C9F-4F13-94F7-CFB163FA663E}"
EndProject
Global
	GlobalSection(SolutionConfigurationPlatforms) = preSolution
		Debug|Any CPU = Debug|Any CPU
		Release|Any CPU = Release|Any CPU
	EndGlobalSection
	GlobalSection(ProjectConfigurationPlatforms) = postSolution
		{204704F2-7C9F-4F13-94F7-CFB163FA663E}.Debug|Any CPU.ActiveCfg = Debug|Any CPU
		{204704F2-7C9F-4F13-94F7-CFB163FA663E}.Debug|Any CPU.Build.0 = Debug|Any CPU
		{204704F2-7C9F-4F13-94F7-CFB163FA663E}.Release|Any CPU.ActiveCfg = Release|Any CPU
		{204704F2-7C9F-4F13-94F7-CFB163FA663E}.Release|Any CPU.Build.0 = Release|Any CPU
	EndGlobalSection
	GlobalSection(SolutionProperties) = preSolution
		HideSolutionNode = FALSE
	EndGlobalSection
	GlobalSection(ExtensibilityGlobals) = postSolution
		SolutionGuid = {5CABDFD9-299F-421B-B3CB-49F49BD314DB}
	EndGlobalSection
EndGlobal
